
Microsoft Visual Studio Solution File, Format Version 12.00
# Visual Studio Version 17
VisualStudioVersion = 17.6.33815.320
MinimumVisualStudioVersion = 10.0.40219.1
Project("{9A19103F-16F7-4668-BE54-9A1E7A4F7556}") = "Captcha", "Captcha\Captcha.csproj", "{EC922CA6-F21C-486C-98B0-5783D0E5CF6E}"
EndProject
Project("{9A19103F-16F7-4668-BE54-9A1E7A4F7556}") = "Captcha.Desktop", "Captcha.Desktop\Captcha.Desktop.csproj", "{A13DE887-A020-4EBB-BAC6-AD0AD54152FB}"
EndProject
Project("{2150E333-8FDC-42A3-9474-1A3956D46DE8}") = "Элементы решения", "Элементы решения", "{98E16405-711C-4341-96A9-09BDDAC6A70D}"
	ProjectSection(SolutionItems) = preProject
		Readme.txt = Readme.txt
	EndProjectSection
EndProject
Global
	GlobalSection(SolutionConfigurationPlatforms) = preSolution
		Debug|Any CPU = Debug|Any CPU
		Release|Any CPU = Release|Any CPU
	EndGlobalSection
	GlobalSection(ProjectConfigurationPlatforms) = postSolution
		{EC922CA6-F21C-486C-98B0-5783D0E5CF6E}.Debug|Any CPU.ActiveCfg = Debug|Any CPU
		{EC922CA6-F21C-486C-98B0-5783D0E5CF6E}.Debug|Any CPU.Build.0 = Debug|Any CPU
		{EC922CA6-F21C-486C-98B0-5783D0E5CF6E}.Release|Any CPU.ActiveCfg = Release|Any CPU
		{EC922CA6-F21C-486C-98B0-5783D0E5CF6E}.Release|Any CPU.Build.0 = Release|Any CPU
		{A13DE887-A020-4EBB-BAC6-AD0AD54152FB}.Debug|Any CPU.ActiveCfg = Debug|Any CPU
		{A13DE887-A020-4EBB-BAC6-AD0AD54152FB}.Debug|Any CPU.Build.0 = Debug|Any CPU
		{A13DE887-A020-4EBB-BAC6-AD0AD54152FB}.Release|Any CPU.ActiveCfg = Release|Any CPU
		{A13DE887-A020-4EBB-BAC6-AD0AD54152FB}.Release|Any CPU.Build.0 = Release|Any CPU
	EndGlobalSection
	GlobalSection(SolutionProperties) = preSolution
		HideSolutionNode = FALSE
	EndGlobalSection
	GlobalSection(ExtensibilityGlobals) = postSolution
		SolutionGuid = {FD077996-7B4B-4F86-9FA4-03EDAABAB526}
	EndGlobalSection
EndGlobal
